
Microsoft Visual Studio Solution File, Format Version 12.00
# Visual Studio Version 17
VisualStudioVersion = 17.5.002.0
MinimumVisualStudioVersion = 10.0.40219.1
Project("{9A19103F-16F7-4668-BE54-9A1E7A4F7556}") = "Exemplos", "Exemplos.csproj", "{5F21E070-213A-4C76-A240-24EF605C2795}"
EndProject
Global
	GlobalSection(SolutionConfigurationPlatforms) = preSolution
		Debug|Any CPU = Debug|Any CPU
		Release|Any CPU = Release|Any CPU
	EndGlobalSection
	GlobalSection(ProjectConfigurationPlatforms) = postSolution
		{5F21E070-213A-4C76-A240-24EF605C2795}.Debug|Any CPU.ActiveCfg = Debug|Any CPU
		{5F21E070-213A-4C76-A240-24EF605C2795}.Debug|Any CPU.Build.0 = Debug|Any CPU
		{5F21E070-213A-4C76-A240-24EF605C2795}.Release|Any CPU.ActiveCfg = Release|Any CPU
		{5F21E070-213A-4C76-A240-24EF605C2795}.Release|Any CPU.Build.0 = Release|Any CPU
	EndGlobalSection
	GlobalSection(SolutionProperties) = preSolution
		HideSolutionNode = FALSE
	EndGlobalSection
	GlobalSection(ExtensibilityGlobals) = postSolution
		SolutionGuid = {852BDAF2-F85F-49F2-AF5A-4ED3DA526E0E}
	EndGlobalSection
EndGlobal
