
Microsoft Visual Studio Solution File, Format Version 12.00
# Visual Studio Version 17
VisualStudioVersion = 17.5.002.0
MinimumVisualStudioVersion = 10.0.40219.1
Project("{9A19103F-16F7-4668-BE54-9A1E7A4F7556}") = "Exemplos", "Exemplos.csproj", "{07B95FB2-686B-43F7-9C9A-7FEEB349176E}"
EndProject
Global
	GlobalSection(SolutionConfigurationPlatforms) = preSolution
		Debug|Any CPU = Debug|Any CPU
		Release|Any CPU = Release|Any CPU
	EndGlobalSection
	GlobalSection(ProjectConfigurationPlatforms) = postSolution
		{07B95FB2-686B-43F7-9C9A-7FEEB349176E}.Debug|Any CPU.ActiveCfg = Debug|Any CPU
		{07B95FB2-686B-43F7-9C9A-7FEEB349176E}.Debug|Any CPU.Build.0 = Debug|Any CPU
		{07B95FB2-686B-43F7-9C9A-7FEEB349176E}.Release|Any CPU.ActiveCfg = Release|Any CPU
		{07B95FB2-686B-43F7-9C9A-7FEEB349176E}.Release|Any CPU.Build.0 = Release|Any CPU
	EndGlobalSection
	GlobalSection(SolutionProperties) = preSolution
		HideSolutionNode = FALSE
	EndGlobalSection
	GlobalSection(ExtensibilityGlobals) = postSolution
		SolutionGuid = {429C34DC-B209-4FFA-9613-2CD3F6C49543}
	EndGlobalSection
EndGlobal
